dependencies:
  espressif/cmake_utilities:
    component_hash: 351350613ceafba240b761b4ea991e0f231ac7a9f59a9ee901f751bddc0bb18f
    dependencies:
    - name: idf
      require: private
      version: '>=4.1'
    source:
      registry_url: https://components.espressif.com/
      type: service
    version: 0.5.3
  espressif/esp_lcd_axs15231b:
    component_hash: ae92c4bec4f69442757b42638aebc05c1acc42fe8b54a6fd4b1ecebdd67657e6
    dependencies:
    - name: espressif/cmake_utilities
      registry_url: https://components.espressif.com/
      require: private
      version: 0.*
    - name: espressif/esp_lcd_touch
      registry_url: https://components.espressif.com/
      require: public
      version: ^1
    - name: idf
      require: private
      version: '>5.0.4,!=5.1.1'
    source:
      registry_url: https://components.espressif.com/
      type: service
    version: 1.0.0
  espressif/esp_lcd_touch:
    component_hash: 779b4ba2464a3ae85681e4b860caa5fdc35801458c23f3039ee761bae7f442a4
    dependencies:
    - name: idf
      require: private
      version: '>=4.4.2'
    source:
      registry_url: https://components.espressif.com/
      type: service
    version: 1.1.2
  idf:
    source:
      type: idf
    version: 5.3.1
  lvgl/lvgl:
    component_hash: d7c1ac037ae6e85d94897f807d6e7ba0946a83e720074fc95a4f6241da9f9f53
    dependencies: []
    source:
      registry_url: https://components.espressif.com/
      type: service
    version: 8.4.0
direct_dependencies:
- espressif/esp_lcd_axs15231b
- espressif/esp_lcd_touch
- idf
- lvgl/lvgl
manifest_hash: 5d5d03ed189969628285eed324ffd39e3aaa6059c875c5a9bc6d21cf2f43744c
target: esp32
version: 2.0.0
